{
  "object": {
    "pins": [
      {
        "package": "TinyNetworking",
        "repositoryURL": "https://github.com/objcio/tiny-networking",
        "state": {
          "branch": null,
          "revision": "15a416c762e2a91f9eac73b3fbe55adf571c3aba",
          "version": "0.4.0"
        }
      },
      {
        "package": "Zip",
        "repositoryURL": "https://github.com/marmelroy/Zip.git",
        "state": {
          "branch": null,
          "revision": "80b1c3005ee25b4c7ce46c4029ac3347e8d5e37e",
          "version": "2.0.0"
        }
      }
    ]
  },
  "version": 1
}
